
Microsoft Visual Studio Solution File, Format Version 12.00
# Visual Studio Version 16
VisualStudioVersion = 16.0.34031.81
MinimumVisualStudioVersion = 10.0.40219.1
Project("{FAE04EC0-301F-11D3-BF4B-00C04F79EFBC}") = "Windows", "Homework2\Windows.csproj", "{023FFA69-24DE-4693-BE99-C37790289E53}"
EndProject
Global
	GlobalSection(SolutionConfigurationPlatforms) = preSolution
		Debug|Any CPU = Debug|Any CPU
		Release|Any CPU = Release|Any CPU
	EndGlobalSection
	GlobalSection(ProjectConfigurationPlatforms) = postSolution
		{023FFA69-24DE-4693-BE99-C37790289E53}.Debug|Any CPU.ActiveCfg = Debug|Any CPU
		{023FFA69-24DE-4693-BE99-C37790289E53}.Debug|Any CPU.Build.0 = Debug|Any CPU
		{023FFA69-24DE-4693-BE99-C37790289E53}.Release|Any CPU.ActiveCfg = Release|Any CPU
		{023FFA69-24DE-4693-BE99-C37790289E53}.Release|Any CPU.Build.0 = Release|Any CPU
	EndGlobalSection
	GlobalSection(SolutionProperties) = preSolution
		HideSolutionNode = FALSE
	EndGlobalSection
	GlobalSection(ExtensibilityGlobals) = postSolution
		SolutionGuid = {52093C23-6B57-4699-B0C8-CD5D59DCB97D}
	EndGlobalSection
EndGlobal
